
Microsoft Visual Studio Solution File, Format Version 12.00
# Visual Studio Version 17
VisualStudioVersion = 17.9.34728.123
MinimumVisualStudioVersion = 10.0.40219.1
Project("{FAE04EC0-301F-11D3-BF4B-00C04F79EFBC}") = "Heetapp1", "Heetapp1\Heetapp1.csproj", "{C7477A73-45EE-48C2-AE67-EE205323630B}"
EndProject
Global
	GlobalSection(SolutionConfigurationPlatforms) = preSolution
		Debug|Any CPU = Debug|Any CPU
		Release|Any CPU = Release|Any CPU
	EndGlobalSection
	GlobalSection(ProjectConfigurationPlatforms) = postSolution
		{C7477A73-45EE-48C2-AE67-EE205323630B}.Debug|Any CPU.ActiveCfg = Debug|Any CPU
		{C7477A73-45EE-48C2-AE67-EE205323630B}.Debug|Any CPU.Build.0 = Debug|Any CPU
		{C7477A73-45EE-48C2-AE67-EE205323630B}.Release|Any CPU.ActiveCfg = Release|Any CPU
		{C7477A73-45EE-48C2-AE67-EE205323630B}.Release|Any CPU.Build.0 = Release|Any CPU
	EndGlobalSection
	GlobalSection(SolutionProperties) = preSolution
		HideSolutionNode = FALSE
	EndGlobalSection
	GlobalSection(ExtensibilityGlobals) = postSolution
		SolutionGuid = {9626E27B-1E29-418F-8834-14B33BD9E591}
	EndGlobalSection
EndGlobal
